
Microsoft Visual Studio Solution File, Format Version 12.00
# Visual Studio 15
VisualStudioVersion = 15.0.26430.6
MinimumVisualStudioVersion = 10.0.40219.1
Project("{FAE04EC0-301F-11D3-BF4B-00C04F79EFBC}") = "ElephantBookStore.Client", "ElephantBookStore.Client\ElephantBookStore.Client.csproj", "{233C7EBD-7C23-44F0-8BBA-544CE8DF5D47}"
EndProject
Project("{FAE04EC0-301F-11D3-BF4B-00C04F79EFBC}") = "ElephantBookStore.Data", "ElephantBookStore.Data\ElephantBookStore.Data.csproj", "{87DBB762-E86A-4325-8DBA-DDF46F9D74C2}"
EndProject
Project("{FAE04EC0-301F-11D3-BF4B-00C04F79EFBC}") = "ElephantBookStore.Client.UnitTests", "ElephantBookStore.Client.Tests\ElephantBookStore.Client.UnitTests.csproj", "{110EFDAD-AAD0-4A41-B2CE-1045A0EAD162}"
EndProject
Global
	GlobalSection(SolutionConfigurationPlatforms) = preSolution
		Debug|Any CPU = Debug|Any CPU
		Release|Any CPU = Release|Any CPU
	EndGlobalSection
	GlobalSection(ProjectConfigurationPlatforms) = postSolution
		{233C7EBD-7C23-44F0-8BBA-544CE8DF5D47}.Debug|Any CPU.ActiveCfg = Debug|Any CPU
		{233C7EBD-7C23-44F0-8BBA-544CE8DF5D47}.Debug|Any CPU.Build.0 = Debug|Any CPU
		{233C7EBD-7C23-44F0-8BBA-544CE8DF5D47}.Release|Any CPU.ActiveCfg = Release|Any CPU
		{233C7EBD-7C23-44F0-8BBA-544CE8DF5D47}.Release|Any CPU.Build.0 = Release|Any CPU
		{87DBB762-E86A-4325-8DBA-DDF46F9D74C2}.Debug|Any CPU.ActiveCfg = Debug|Any CPU
		{87DBB762-E86A-4325-8DBA-DDF46F9D74C2}.Debug|Any CPU.Build.0 = Debug|Any CPU
		{87DBB762-E86A-4325-8DBA-DDF46F9D74C2}.Release|Any CPU.ActiveCfg = Release|Any CPU
		{87DBB762-E86A-4325-8DBA-DDF46F9D74C2}.Release|Any CPU.Build.0 = Release|Any CPU
		{110EFDAD-AAD0-4A41-B2CE-1045A0EAD162}.Debug|Any CPU.ActiveCfg = Debug|Any CPU
		{110EFDAD-AAD0-4A41-B2CE-1045A0EAD162}.Debug|Any CPU.Build.0 = Debug|Any CPU
		{110EFDAD-AAD0-4A41-B2CE-1045A0EAD162}.Release|Any CPU.ActiveCfg = Release|Any CPU
		{110EFDAD-AAD0-4A41-B2CE-1045A0EAD162}.Release|Any CPU.Build.0 = Release|Any CPU
	EndGlobalSection
	GlobalSection(SolutionProperties) = preSolution
		HideSolutionNode = FALSE
	EndGlobalSection
EndGlobal
